
Microsoft Visual Studio Solution File, Format Version 12.00
# Visual Studio Version 17
VisualStudioVersion = 17.1.32210.238
MinimumVisualStudioVersion = 10.0.40219.1
Project("{9A19103F-16F7-4668-BE54-9A1E7A4F7556}") = "HubService", "HubService\HubService.csproj", "{5E03B7C6-484A-46E9-B150-399B1709B8CD}"
EndProject
Project("{2150E333-8FDC-42A3-9474-1A3956D46DE8}") = "eng", "eng", "{D91D0823-6A84-451A-A517-E2FF430D6CF6}"
	ProjectSection(SolutionItems) = preProject
		pipeline.yml = pipeline.yml
	EndProjectSection
EndProject
Global
	GlobalSection(SolutionConfigurationPlatforms) = preSolution
		Debug|Any CPU = Debug|Any CPU
		Release|Any CPU = Release|Any CPU
	EndGlobalSection
	GlobalSection(ProjectConfigurationPlatforms) = postSolution
		{5E03B7C6-484A-46E9-B150-399B1709B8CD}.Debug|Any CPU.ActiveCfg = Debug|Any CPU
		{5E03B7C6-484A-46E9-B150-399B1709B8CD}.Debug|Any CPU.Build.0 = Debug|Any CPU
		{5E03B7C6-484A-46E9-B150-399B1709B8CD}.Release|Any CPU.ActiveCfg = Release|Any CPU
		{5E03B7C6-484A-46E9-B150-399B1709B8CD}.Release|Any CPU.Build.0 = Release|Any CPU
	EndGlobalSection
	GlobalSection(SolutionProperties) = preSolution
		HideSolutionNode = FALSE
	EndGlobalSection
	GlobalSection(ExtensibilityGlobals) = postSolution
		SolutionGuid = {1F44C346-33F4-48D4-9699-461706A277CA}
	EndGlobalSection
EndGlobal
